// !$*UTF8*$!
{
	archiveVersion = 1;
	classes = {
	};
	objectVersion = 56;
	objects = {

/* Begin PBXBuildFile section */
		D95E9FA92C32848400CC6011 /* AppDelegate.swift in Sources */ = {isa = PBXBuildFile; fileRef = D95E9FA82C32848400CC6011 /* AppDelegate.swift */; };
		D95E9FAB2C32848400CC6011 /* SceneDelegate.swift in Sources */ = {isa = PBXBuildFile; fileRef = D95E9FAA2C32848400CC6011 /* SceneDelegate.swift */; };
		D95E9FAD2C32848400CC6011 /* SearchViewController.swift in Sources */ = {isa = PBXBuildFile; fileRef = D95E9FAC2C32848400CC6011 /* SearchViewController.swift */; };
		D95E9FB02C32848400CC6011 /* Base in Resources */ = {isa = PBXBuildFile; fileRef = D95E9FAF2C32848400CC6011 /* Base */; };
		D95E9FB52C32848500CC6011 /* Assets.xcassets in Resources */ = {isa = PBXBuildFile; fileRef = D95E9FB42C32848500CC6011 /* Assets.xcassets */; };
		D95E9FB82C32848500CC6011 /* Base in Resources */ = {isa = PBXBuildFile; fileRef = D95E9FB72C32848500CC6011 /* Base */; };
		D95E9FC32C3292D500CC6011 /* SearchResult.swift in Sources */ = {isa = PBXBuildFile; fileRef = D95E9FC22C3292D500CC6011 /* SearchResult.swift */; };
		D95E9FC62C329CD400CC6011 /* SearchResultCell.xib in Resources */ = {isa = PBXBuildFile; fileRef = D95E9FC52C329CD400CC6011 /* SearchResultCell.xib */; };
		D95E9FC82C32A31D00CC6011 /* SearchResultCell.swift in Sources */ = {isa = PBXBuildFile; fileRef = D95E9FC72C32A31D00CC6011 /* SearchResultCell.swift */; };
		D95E9FCB2C32A56D00CC6011 /* NothingFoundCell.xib in Resources */ = {isa = PBXBuildFile; fileRef = D95E9FCA2C32A56D00CC6011 /* NothingFoundCell.xib */; };
		D99E392E2C33F8E30003AD03 /* LaunchScreen.storyboard in Resources */ = {isa = PBXBuildFile; fileRef = D95E9FB62C32848500CC6011 /* LaunchScreen.storyboard */; };
		D99E39312C33FB4F0003AD03 /* UIImageView+DownloadImage.swift in Sources */ = {isa = PBXBuildFile; fileRef = D99E39302C33FB4F0003AD03 /* UIImageView+DownloadImage.swift */; };
		D99E39332C341F800003AD03 /* DetailViewController.swift in Sources */ = {isa = PBXBuildFile; fileRef = D99E39322C341F800003AD03 /* DetailViewController.swift */; };
		D9A1DC5E2C332CD600682F0A /* LoadingCell.xib in Resources */ = {isa = PBXBuildFile; fileRef = D9A1DC5D2C332CD600682F0A /* LoadingCell.xib */; };
		D9A2CCE92C345C6B004BB094 /* GradientView.swift in Sources */ = {isa = PBXBuildFile; fileRef = D9A2CCE82C345C6B004BB094 /* GradientView.swift */; };
		D9A2CCEB2C3479A7004BB094 /* BounceAnimationController.swift in Sources */ = {isa = PBXBuildFile; fileRef = D9A2CCEA2C3479A7004BB094 /* BounceAnimationController.swift */; };
		D9A2CCED2C348CE3004BB094 /* SlideOutAnimationController.swift in Sources */ = {isa = PBXBuildFile; fileRef = D9A2CCEC2C348CE3004BB094 /* SlideOutAnimationController.swift */; };
		D9A321442C35759300C29538 /* LandscapeViewController.swift in Sources */ = {isa = PBXBuildFile; fileRef = D9A321432C35759300C29538 /* LandscapeViewController.swift */; };
		D9C953322C35A5340072223E /* FadeOutAnimationController.swift in Sources */ = {isa = PBXBuildFile; fileRef = D9C953312C35A5340072223E /* FadeOutAnimationController.swift */; };
/* End PBXBuildFile section */

/* Begin PBXFileReference section */
		D95E9FA52C32848400CC6011 /* StoreSearch.app */ = {isa = PBXFileReference; explicitFileType = wrapper.application; includeInIndex = 0; path = StoreSearch.app; sourceTree = BUILT_PRODUCTS_DIR; };
		D95E9FA82C32848400CC6011 /* AppDelegate.swift */ = {isa = PBXFileReference; lastKnownFileType = sourcecode.swift; path = AppDelegate.swift; sourceTree = "<group>"; };
		D95E9FAA2C32848400CC6011 /* SceneDelegate.swift */ = {isa = PBXFileReference; lastKnownFileType = sourcecode.swift; path = SceneDelegate.swift; sourceTree = "<group>"; };
		D95E9FAC2C32848400CC6011 /* SearchViewController.swift */ = {isa = PBXFileReference; lastKnownFileType = sourcecode.swift; path = SearchViewController.swift; sourceTree = "<group>"; };
		D95E9FAF2C32848400CC6011 /* Base */ = {isa = PBXFileReference; lastKnownFileType = file.storyboard; name = Base; path = Base.lproj/Main.storyboard; sourceTree = "<group>"; };
		D95E9FB42C32848500CC6011 /* Assets.xcassets */ = {isa = PBXFileReference; lastKnownFileType = folder.assetcatalog; path = Assets.xcassets; sourceTree = "<group>"; };
		D95E9FB72C32848500CC6011 /* Base */ = {isa = PBXFileReference; lastKnownFileType = file.storyboard; name = Base; path = Base.lproj/LaunchScreen.storyboard; sourceTree = "<group>"; };
		D95E9FB92C32848500CC6011 /* Info.plist */ = {isa = PBXFileReference; lastKnownFileType = text.plist.xml; path = Info.plist; sourceTree = "<group>"; };
		D95E9FC22C3292D500CC6011 /* SearchResult.swift */ = {isa = PBXFileReference; lastKnownFileType = sourcecode.swift; path = SearchResult.swift; sourceTree = "<group>"; };
		D95E9FC52C329CD400CC6011 /* SearchResultCell.xib */ = {isa = PBXFileReference; lastKnownFileType = file.xib; path = SearchResultCell.xib; sourceTree = "<group>"; };
		D95E9FC72C32A31D00CC6011 /* SearchResultCell.swift */ = {isa = PBXFileReference; lastKnownFileType = sourcecode.swift; path = SearchResultCell.swift; sourceTree = "<group>"; };
		D95E9FCA2C32A56D00CC6011 /* NothingFoundCell.xib */ = {isa = PBXFileReference; lastKnownFileType = file.xib; path = NothingFoundCell.xib; sourceTree = "<group>"; };
		D99E39302C33FB4F0003AD03 /* UIImageView+DownloadImage.swift */ = {isa = PBXFileReference; lastKnownFileType = sourcecode.swift; path = "UIImageView+DownloadImage.swift"; sourceTree = "<group>"; };
		D99E39322C341F800003AD03 /* DetailViewController.swift */ = {isa = PBXFileReference; lastKnownFileType = sourcecode.swift; path = DetailViewController.swift; sourceTree = "<group>"; };
		D9A1DC5D2C332CD600682F0A /* LoadingCell.xib */ = {isa = PBXFileReference; lastKnownFileType = file.xib; path = LoadingCell.xib; sourceTree = "<group>"; };
		D9A2CCE82C345C6B004BB094 /* GradientView.swift */ = {isa = PBXFileReference; lastKnownFileType = sourcecode.swift; path = GradientView.swift; sourceTree = "<group>"; };
		D9A2CCEA2C3479A7004BB094 /* BounceAnimationController.swift */ = {isa = PBXFileReference; lastKnownFileType = sourcecode.swift; path = BounceAnimationController.swift; sourceTree = "<group>"; };
		D9A2CCEC2C348CE3004BB094 /* SlideOutAnimationController.swift */ = {isa = PBXFileReference; lastKnownFileType = sourcecode.swift; path = SlideOutAnimationController.swift; sourceTree = "<group>"; };
		D9A321432C35759300C29538 /* LandscapeViewController.swift */ = {isa = PBXFileReference; lastKnownFileType = sourcecode.swift; path = LandscapeViewController.swift; sourceTree = "<group>"; };
		D9C953312C35A5340072223E /* FadeOutAnimationController.swift */ = {isa = PBXFileReference; lastKnownFileType = sourcecode.swift; path = FadeOutAnimationController.swift; sourceTree = "<group>"; };
/* End PBXFileReference section */

/* Begin PBXFrameworksBuildPhase section */
		D95E9FA22C32848400CC6011 /* Frameworks */ = {
			isa = PBXFrameworksBuildPhase;
			buildActionMask = 2147483647;
			files = (
			);
			runOnlyForDeploymentPostprocessing = 0;
		};
/* End PBXFrameworksBuildPhase section */

/* Begin PBXGroup section */
		D95E9F9C2C32848400CC6011 = {
			isa = PBXGroup;
			children = (
				D95E9FA72C32848400CC6011 /* StoreSearch */,
				D95E9FA62C32848400CC6011 /* Products */,
			);
			sourceTree = "<group>";
		};
		D95E9FA62C32848400CC6011 /* Products */ = {
			isa = PBXGroup;
			children = (
				D95E9FA52C32848400CC6011 /* StoreSearch.app */,
			);
			name = Products;
			sourceTree = "<group>";
		};
		D95E9FA72C32848400CC6011 /* StoreSearch */ = {
			isa = PBXGroup;
			children = (
				D99E392F2C33FB380003AD03 /* Utility */,
				D95E9FC42C329C3000CC6011 /* Resources */,
				D95E9FC12C3292BF00CC6011 /* Model */,
				D95E9FC02C3292A600CC6011 /* View */,
				D95E9FBF2C32929A00CC6011 /* Controller */,
				D95E9FB92C32848500CC6011 /* Info.plist */,
			);
			path = StoreSearch;
			sourceTree = "<group>";
		};
		D95E9FBF2C32929A00CC6011 /* Controller */ = {
			isa = PBXGroup;
			children = (
				D95E9FAC2C32848400CC6011 /* SearchViewController.swift */,
				D99E39322C341F800003AD03 /* DetailViewController.swift */,
				D9A321432C35759300C29538 /* LandscapeViewController.swift */,
			);
			path = Controller;
			sourceTree = "<group>";
		};
		D95E9FC02C3292A600CC6011 /* View */ = {
			isa = PBXGroup;
			children = (
				D95E9FC92C32A54E00CC6011 /* Cells */,
				D95E9FAE2C32848400CC6011 /* Main.storyboard */,
				D9A2CCE82C345C6B004BB094 /* GradientView.swift */,
			);
			path = View;
			sourceTree = "<group>";
		};
		D95E9FC12C3292BF00CC6011 /* Model */ = {
			isa = PBXGroup;
			children = (
				D95E9FC22C3292D500CC6011 /* SearchResult.swift */,
			);
			path = Model;
			sourceTree = "<group>";
		};
		D95E9FC42C329C3000CC6011 /* Resources */ = {
			isa = PBXGroup;
			children = (
				D95E9FA82C32848400CC6011 /* AppDelegate.swift */,
				D95E9FAA2C32848400CC6011 /* SceneDelegate.swift */,
				D95E9FB42C32848500CC6011 /* Assets.xcassets */,
				D95E9FB62C32848500CC6011 /* LaunchScreen.storyboard */,
			);
			path = Resources;
			sourceTree = "<group>";
		};
		D95E9FC92C32A54E00CC6011 /* Cells */ = {
			isa = PBXGroup;
			children = (
				D95E9FC52C329CD400CC6011 /* SearchResultCell.xib */,
				D95E9FCA2C32A56D00CC6011 /* NothingFoundCell.xib */,
				D9A1DC5D2C332CD600682F0A /* LoadingCell.xib */,
				D95E9FC72C32A31D00CC6011 /* SearchResultCell.swift */,
			);
			path = Cells;
			sourceTree = "<group>";
		};
		D99E392F2C33FB380003AD03 /* Utility */ = {
			isa = PBXGroup;
			children = (
				D99E39302C33FB4F0003AD03 /* UIImageView+DownloadImage.swift */,
				D9A2CCEA2C3479A7004BB094 /* BounceAnimationController.swift */,
				D9A2CCEC2C348CE3004BB094 /* SlideOutAnimationController.swift */,
				D9C953312C35A5340072223E /* FadeOutAnimationController.swift */,
			);
			path = Utility;
			sourceTree = "<group>";
		};
/* End PBXGroup section */

/* Begin PBXNativeTarget section */
		D95E9FA42C32848400CC6011 /* StoreSearch */ = {
			isa = PBXNativeTarget;
			buildConfigurationList = D95E9FBC2C32848500CC6011 /* Build configuration list for PBXNativeTarget "StoreSearch" */;
			buildPhases = (
				D95E9FA12C32848400CC6011 /* Sources */,
				D95E9FA22C32848400CC6011 /* Frameworks */,
				D95E9FA32C32848400CC6011 /* Resources */,
			);
			buildRules = (
			);
			dependencies = (
			);
			name = StoreSearch;
			productName = StoreSearch;
			productReference = D95E9FA52C32848400CC6011 /* StoreSearch.app */;
			productType = "com.apple.product-type.application";
		};
/* End PBXNativeTarget section */

/* Begin PBXProject section */
		D95E9F9D2C32848400CC6011 /* Project object */ = {
			isa = PBXProject;
			attributes = {
				BuildIndependentTargetsInParallel = 1;
				LastSwiftUpdateCheck = 1540;
				LastUpgradeCheck = 1540;
				TargetAttributes = {
					D95E9FA42C32848400CC6011 = {
						CreatedOnToolsVersion = 15.4;
					};
				};
			};
			buildConfigurationList = D95E9FA02C32848400CC6011 /* Build configuration list for PBXProject "StoreSearch" */;
			compatibilityVersion = "Xcode 14.0";
			developmentRegion = en;
			hasScannedForEncodings = 0;
			knownRegions = (
				en,
				Base,
			);
			mainGroup = D95E9F9C2C32848400CC6011;
			productRefGroup = D95E9FA62C32848400CC6011 /* Products */;
			projectDirPath = "";
			projectRoot = "";
			targets = (
				D95E9FA42C32848400CC6011 /* StoreSearch */,
			);
		};
/* End PBXProject section */

/* Begin PBXResourcesBuildPhase section */
		D95E9FA32C32848400CC6011 /* Resources */ = {
			isa = PBXResourcesBuildPhase;
			buildActionMask = 2147483647;
			files = (
				D95E9FB52C32848500CC6011 /* Assets.xcassets in Resources */,
				D95E9FB82C32848500CC6011 /* Base in Resources */,
				D9A1DC5E2C332CD600682F0A /* LoadingCell.xib in Resources */,
				D95E9FC62C329CD400CC6011 /* SearchResultCell.xib in Resources */,
				D99E392E2C33F8E30003AD03 /* LaunchScreen.storyboard in Resources */,
				D95E9FCB2C32A56D00CC6011 /* NothingFoundCell.xib in Resources */,
				D95E9FB02C32848400CC6011 /* Base in Resources */,
			);
			runOnlyForDeploymentPostprocessing = 0;
		};
/* End PBXResourcesBuildPhase section */

/* Begin PBXSourcesBuildPhase section */
		D95E9FA12C32848400CC6011 /* Sources */ = {
			isa = PBXSourcesBuildPhase;
			buildActionMask = 2147483647;
			files = (
				D95E9FAD2C32848400CC6011 /* SearchViewController.swift in Sources */,
				D95E9FA92C32848400CC6011 /* AppDelegate.swift in Sources */,
				D9C953322C35A5340072223E /* FadeOutAnimationController.swift in Sources */,
				D99E39312C33FB4F0003AD03 /* UIImageView+DownloadImage.swift in Sources */,
				D95E9FC32C3292D500CC6011 /* SearchResult.swift in Sources */,
				D9A2CCEB2C3479A7004BB094 /* BounceAnimationController.swift in Sources */,
				D9A321442C35759300C29538 /* LandscapeViewController.swift in Sources */,
				D95E9FAB2C32848400CC6011 /* SceneDelegate.swift in Sources */,
				D95E9FC82C32A31D00CC6011 /* SearchResultCell.swift in Sources */,
				D9A2CCE92C345C6B004BB094 /* GradientView.swift in Sources */,
				D99E39332C341F800003AD03 /* DetailViewController.swift in Sources */,
				D9A2CCED2C348CE3004BB094 /* SlideOutAnimationController.swift in Sources */,
			);
			runOnlyForDeploymentPostprocessing = 0;
		};
/* End PBXSourcesBuildPhase section */

/* Begin PBXVariantGroup section */
		D95E9FAE2C32848400CC6011 /* Main.storyboard */ = {
			isa = PBXVariantGroup;
			children = (
				D95E9FAF2C32848400CC6011 /* Base */,
			);
			name = Main.storyboard;
			sourceTree = "<group>";
		};
		D95E9FB62C32848500CC6011 /* LaunchScreen.storyboard */ = {
			isa = PBXVariantGroup;
			children = (
				D95E9FB72C32848500CC6011 /* Base */,
			);
			name = LaunchScreen.storyboard;
			sourceTree = "<group>";
		};
/* End PBXVariantGroup section */

/* Begin XCBuildConfiguration section */
		D95E9FBA2C32848500CC6011 /* Debug */ = {
			isa = XCBuildConfiguration;
			buildSettings = {
				ALWAYS_SEARCH_USER_PATHS = NO;
				ASSETCATALOG_COMPILER_GENERATE_SWIFT_ASSET_SYMBOL_EXTENSIONS = YES;
				CLANG_ANALYZER_NONNULL = YES;
				CLANG_ANALYZER_NUMBER_OBJECT_CONVERSION = YES_AGGRESSIVE;
				CLANG_CXX_LANGUAGE_STANDARD = "gnu++20";
				CLANG_ENABLE_MODULES = YES;
				CLANG_ENABLE_OBJC_ARC = YES;
				CLANG_ENABLE_OBJC_WEAK = YES;
				CLANG_WARN_BLOCK_CAPTURE_AUTORELEASING = YES;
				CLANG_WARN_BOOL_CONVERSION = YES;
				CLANG_WARN_COMMA = YES;
				CLANG_WARN_CONSTANT_CONVERSION = YES;
				CLANG_WARN_DEPRECATED_OBJC_IMPLEMENTATIONS = YES;
				CLANG_WARN_DIRECT_OBJC_ISA_USAGE = YES_ERROR;
				CLANG_WARN_DOCUMENTATION_COMMENTS = YES;
				CLANG_WARN_EMPTY_BODY = YES;
				CLANG_WARN_ENUM_CONVERSION = YES;
				CLANG_WARN_INFINITE_RECURSION = YES;
				CLANG_WARN_INT_CONVERSION = YES;
				CLANG_WARN_NON_LITERAL_NULL_CONVERSION = YES;
				CLANG_WARN_OBJC_IMPLICIT_RETAIN_SELF = YES;
				CLANG_WARN_OBJC_LITERAL_CONVERSION = YES;
				CLANG_WARN_OBJC_ROOT_CLASS = YES_ERROR;
				CLANG_WARN_QUOTED_INCLUDE_IN_FRAMEWORK_HEADER = YES;
				CLANG_WARN_RANGE_LOOP_ANALYSIS = YES;
				CLANG_WARN_STRICT_PROTOTYPES = YES;
				CLANG_WARN_SUSPICIOUS_MOVE = YES;
				CLANG_WARN_UNGUARDED_AVAILABILITY = YES_AGGRESSIVE;
				CLANG_WARN_UNREACHABLE_CODE = YES;
				CLANG_WARN__DUPLICATE_METHOD_MATCH = YES;
				COPY_PHASE_STRIP = NO;
				DEBUG_INFORMATION_FORMAT = dwarf;
				ENABLE_STRICT_OBJC_MSGSEND = YES;
				ENABLE_TESTABILITY = YES;
				ENABLE_USER_SCRIPT_SANDBOXING = YES;
				GCC_C_LANGUAGE_STANDARD = gnu17;
				GCC_DYNAMIC_NO_PIC = NO;
				GCC_NO_COMMON_BLOCKS = YES;
				GCC_OPTIMIZATION_LEVEL = 0;
				GCC_PREPROCESSOR_DEFINITIONS = (
					"DEBUG=1",
					"$(inherited)",
				);
				GCC_WARN_64_TO_32_BIT_CONVERSION = YES;
				GCC_WARN_ABOUT_RETURN_TYPE = YES_ERROR;
				GCC_WARN_UNDECLARED_SELECTOR = YES;
				GCC_WARN_UNINITIALIZED_AUTOS = YES_AGGRESSIVE;
				GCC_WARN_UNUSED_FUNCTION = YES;
				GCC_WARN_UNUSED_VARIABLE = YES;
				IPHONEOS_DEPLOYMENT_TARGET = 17.5;
				LOCALIZATION_PREFERS_STRING_CATALOGS = YES;
				MTL_ENABLE_DEBUG_INFO = INCLUDE_SOURCE;
				MTL_FAST_MATH = YES;
				ONLY_ACTIVE_ARCH = YES;
				SDKROOT = iphoneos;
				SWIFT_ACTIVE_COMPILATION_CONDITIONS = "DEBUG $(inherited)";
				SWIFT_OPTIMIZATION_LEVEL = "-Onone";
			};
			name = Debug;
		};
		D95E9FBB2C32848500CC6011 /* Release */ = {
			isa = XCBuildConfiguration;
			buildSettings = {
				ALWAYS_SEARCH_USER_PATHS = NO;
				ASSETCATALOG_COMPILER_GENERATE_SWIFT_ASSET_SYMBOL_EXTENSIONS = YES;
				CLANG_ANALYZER_NONNULL = YES;
				CLANG_ANALYZER_NUMBER_OBJECT_CONVERSION = YES_AGGRESSIVE;
				CLANG_CXX_LANGUAGE_STANDARD = "gnu++20";
				CLANG_ENABLE_MODULES = YES;
				CLANG_ENABLE_OBJC_ARC = YES;
				CLANG_ENABLE_OBJC_WEAK = YES;
				CLANG_WARN_BLOCK_CAPTURE_AUTORELEASING = YES;
				CLANG_WARN_BOOL_CONVERSION = YES;
				CLANG_WARN_COMMA = YES;
				CLANG_WARN_CONSTANT_CONVERSION = YES;
				CLANG_WARN_DEPRECATED_OBJC_IMPLEMENTATIONS = YES;
				CLANG_WARN_DIRECT_OBJC_ISA_USAGE = YES_ERROR;
				CLANG_WARN_DOCUMENTATION_COMMENTS = YES;
				CLANG_WARN_EMPTY_BODY = YES;
				CLANG_WARN_ENUM_CONVERSION = YES;
				CLANG_WARN_INFINITE_RECURSION = YES;
				CLANG_WARN_INT_CONVERSION = YES;
				CLANG_WARN_NON_LITERAL_NULL_CONVERSION = YES;
				CLANG_WARN_OBJC_IMPLICIT_RETAIN_SELF = YES;
				CLANG_WARN_OBJC_LITERAL_CONVERSION = YES;
				CLANG_WARN_OBJC_ROOT_CLASS = YES_ERROR;
				CLANG_WARN_QUOTED_INCLUDE_IN_FRAMEWORK_HEADER = YES;
				CLANG_WARN_RANGE_LOOP_ANALYSIS = YES;
				CLANG_WARN_STRICT_PROTOTYPES = YES;
				CLANG_WARN_SUSPICIOUS_MOVE = YES;
				CLANG_WARN_UNGUARDED_AVAILABILITY = YES_AGGRESSIVE;
				CLANG_WARN_UNREACHABLE_CODE = YES;
				CLANG_WARN__DUPLICATE_METHOD_MATCH = YES;
				COPY_PHASE_STRIP = NO;
				DEBUG_INFORMATION_FORMAT = "dwarf-with-dsym";
				ENABLE_NS_ASSERTIONS = NO;
				ENABLE_STRICT_OBJC_MSGSEND = YES;
				ENABLE_USER_SCRIPT_SANDBOXING = YES;
				GCC_C_LANGUAGE_STANDARD = gnu17;
				GCC_NO_COMMON_BLOCKS = YES;
				GCC_WARN_64_TO_32_BIT_CONVERSION = YES;
				GCC_WARN_ABOUT_RETURN_TYPE = YES_ERROR;
				GCC_WARN_UNDECLARED_SELECTOR = YES;
				GCC_WARN_UNINITIALIZED_AUTOS = YES_AGGRESSIVE;
				GCC_WARN_UNUSED_FUNCTION = YES;
				GCC_WARN_UNUSED_VARIABLE = YES;
				IPHONEOS_DEPLOYMENT_TARGET = 17.5;
				LOCALIZATION_PREFERS_STRING_CATALOGS = YES;
				MTL_ENABLE_DEBUG_INFO = NO;
				MTL_FAST_MATH = YES;
				SDKROOT = iphoneos;
				SWIFT_COMPILATION_MODE = wholemodule;
				VALIDATE_PRODUCT = YES;
			};
			name = Release;
		};
		D95E9FBD2C32848500CC6011 /* Debug */ = {
			isa = XCBuildConfiguration;
			buildSettings = {
				ASSETCATALOG_COMPILER_APPICON_NAME = AppIcon;
				ASSETCATALOG_COMPILER_GLOBAL_ACCENT_COLOR_NAME = AccentColor;
				CODE_SIGN_STYLE = Automatic;
				CURRENT_PROJECT_VERSION = 1;
				GENERATE_INFOPLIST_FILE = YES;
				INFOPLIST_FILE = StoreSearch/Info.plist;
				INFOPLIST_KEY_UIApplicationSupportsIndirectInputEvents = YES;
				INFOPLIST_KEY_UILaunchStoryboardName = LaunchScreen.storyboard;
				INFOPLIST_KEY_UIMainStoryboardFile = Main;
				INFOPLIST_KEY_UISupportedInterfaceOrientations_iPad = "UIInterfaceOrientationPortrait UIInterfaceOrientationPortraitUpsideDown UIInterfaceOrientationLandscapeLeft UIInterfaceOrientationLandscapeRight";
				INFOPLIST_KEY_UISupportedInterfaceOrientations_iPhone = "UIInterfaceOrientationPortrait UIInterfaceOrientationLandscapeLeft UIInterfaceOrientationLandscapeRight";
				LD_RUNPATH_SEARCH_PATHS = (
					"$(inherited)",
					"@executable_path/Frameworks",
				);
				MARKETING_VERSION = 1.0;
				PRODUCT_BUNDLE_IDENTIFIER = my.StoreSearch;
				PRODUCT_NAME = "$(TARGET_NAME)";
				SWIFT_EMIT_LOC_STRINGS = YES;
				SWIFT_VERSION = 5.0;
				TARGETED_DEVICE_FAMILY = "1,2";
			};
			name = Debug;
		};
		D95E9FBE2C32848500CC6011 /* Release */ = {
			isa = XCBuildConfiguration;
			buildSettings = {
				ASSETCATALOG_COMPILER_APPICON_NAME = AppIcon;
				ASSETCATALOG_COMPILER_GLOBAL_ACCENT_COLOR_NAME = AccentColor;
				CODE_SIGN_STYLE = Automatic;
				CURRENT_PROJECT_VERSION = 1;
				GENERATE_INFOPLIST_FILE = YES;
				INFOPLIST_FILE = StoreSearch/Info.plist;
				INFOPLIST_KEY_UIApplicationSupportsIndirectInputEvents = YES;
				INFOPLIST_KEY_UILaunchStoryboardName = LaunchScreen.storyboard;
				INFOPLIST_KEY_UIMainStoryboardFile = Main;
				INFOPLIST_KEY_UISupportedInterfaceOrientations_iPad = "UIInterfaceOrientationPortrait UIInterfaceOrientationPortraitUpsideDown UIInterfaceOrientationLandscapeLeft UIInterfaceOrientationLandscapeRight";
				INFOPLIST_KEY_UISupportedInterfaceOrientations_iPhone = "UIInterfaceOrientationPortrait UIInterfaceOrientationLandscapeLeft UIInterfaceOrientationLandscapeRight";
				LD_RUNPATH_SEARCH_PATHS = (
					"$(inherited)",
					"@executable_path/Frameworks",
				);
				MARKETING_VERSION = 1.0;
				PRODUCT_BUNDLE_IDENTIFIER = my.StoreSearch;
				PRODUCT_NAME = "$(TARGET_NAME)";
				SWIFT_EMIT_LOC_STRINGS = YES;
				SWIFT_VERSION = 5.0;
				TARGETED_DEVICE_FAMILY = "1,2";
			};
			name = Release;
		};
/* End XCBuildConfiguration section */

/* Begin XCConfigurationList section */
		D95E9FA02C32848400CC6011 /* Build configuration list for PBXProject "StoreSearch" */ = {
			isa = XCConfigurationList;
			buildConfigurations = (
				D95E9FBA2C32848500CC6011 /* Debug */,
				D95E9FBB2C32848500CC6011 /* Release */,
			);
			defaultConfigurationIsVisible = 0;
			defaultConfigurationName = Release;
		};
		D95E9FBC2C32848500CC6011 /* Build configuration list for PBXNativeTarget "StoreSearch" */ = {
			isa = XCConfigurationList;
			buildConfigurations = (
				D95E9FBD2C32848500CC6011 /* Debug */,
				D95E9FBE2C32848500CC6011 /* Release */,
			);
			defaultConfigurationIsVisible = 0;
			defaultConfigurationName = Release;
		};
/* End XCConfigurationList section */
	};
	rootObject = D95E9F9D2C32848400CC6011 /* Project object */;
}
